
Microsoft Visual Studio Solution File, Format Version 12.00
# Visual Studio Version 17
VisualStudioVersion = 17.10.35004.147
MinimumVisualStudioVersion = 10.0.40219.1
Project("{8BC9CEB8-8B4A-11D0-8D11-00A0C91BC942}") = "Sandboxie", "Sandboxie.vcxproj", "{9EA41C9C-2F35-4900-AE1B-143F2A3A52AF}"
EndProject
Global
	GlobalSection(SolutionConfigurationPlatforms) = preSolution
		Debug|x64 = Debug|x64
		Debug|x86 = Debug|x86
		Release|x64 = Release|x64
		Release|x86 = Release|x86
	EndGlobalSection
	GlobalSection(ProjectConfigurationPlatforms) = postSolution
		{9EA41C9C-2F35-4900-AE1B-143F2A3A52AF}.Debug|x64.ActiveCfg = Debug|x64
		{9EA41C9C-2F35-4900-AE1B-143F2A3A52AF}.Debug|x64.Build.0 = Debug|x64
		{9EA41C9C-2F35-4900-AE1B-143F2A3A52AF}.Debug|x86.ActiveCfg = Debug|Win32
		{9EA41C9C-2F35-4900-AE1B-143F2A3A52AF}.Debug|x86.Build.0 = Debug|Win32
		{9EA41C9C-2F35-4900-AE1B-143F2A3A52AF}.Release|x64.ActiveCfg = Release|x64
		{9EA41C9C-2F35-4900-AE1B-143F2A3A52AF}.Release|x64.Build.0 = Release|x64
		{9EA41C9C-2F35-4900-AE1B-143F2A3A52AF}.Release|x86.ActiveCfg = Release|Win32
		{9EA41C9C-2F35-4900-AE1B-143F2A3A52AF}.Release|x86.Build.0 = Release|Win32
	EndGlobalSection
	GlobalSection(SolutionProperties) = preSolution
		HideSolutionNode = FALSE
	EndGlobalSection
	GlobalSection(ExtensibilityGlobals) = postSolution
		SolutionGuid = {6F914F1D-16B2-4443-855A-F2D9C3BEA99A}
	EndGlobalSection
EndGlobal
